
Microsoft Visual Studio Solution File, Format Version 12.00
# Visual Studio Version 16
VisualStudioVersion = 16.0.29613.14
MinimumVisualStudioVersion = 10.0.40219.1
Project("{F184B08F-C81C-45F6-A57F-5ABD9991F28F}") = "DateFilters", "DateFilters\DateFilters.vbproj", "{B73BB06A-3F48-44D4-834D-4774706A780C}"
EndProject
Global
	GlobalSection(SolutionConfigurationPlatforms) = preSolution
		Debug|Any CPU = Debug|Any CPU
		Release|Any CPU = Release|Any CPU
	EndGlobalSection
	GlobalSection(ProjectConfigurationPlatforms) = postSolution
		{B73BB06A-3F48-44D4-834D-4774706A780C}.Debug|Any CPU.ActiveCfg = Debug|Any CPU
		{B73BB06A-3F48-44D4-834D-4774706A780C}.Debug|Any CPU.Build.0 = Debug|Any CPU
		{B73BB06A-3F48-44D4-834D-4774706A780C}.Release|Any CPU.ActiveCfg = Release|Any CPU
		{B73BB06A-3F48-44D4-834D-4774706A780C}.Release|Any CPU.Build.0 = Release|Any CPU
	EndGlobalSection
	GlobalSection(SolutionProperties) = preSolution
		HideSolutionNode = FALSE
	EndGlobalSection
	GlobalSection(ExtensibilityGlobals) = postSolution
		SolutionGuid = {30D7D665-B247-430A-979A-77200B373A7D}
	EndGlobalSection
EndGlobal
